
Microsoft Visual Studio Solution File, Format Version 12.00
# Visual Studio 15
VisualStudioVersion = 15.0.28010.2026
MinimumVisualStudioVersion = 10.0.40219.1
Project("{8BC9CEB8-8B4A-11D0-8D11-00A0C91BC942}") = "Project2.2", "Project2.2\Project2.2.vcxproj", "{446D8205-1911-4F68-B5C3-2672AB18EEA0}"
EndProject
Project("{8BC9CEB8-8B4A-11D0-8D11-00A0C91BC942}") = "Tests", "Tests\Tests.vcxproj", "{9DEB23BB-EC17-447A-A28A-CDF2D826D720}"
EndProject
Global
	GlobalSection(SolutionConfigurationPlatforms) = preSolution
		Debug|x64 = Debug|x64
		Debug|x86 = Debug|x86
		Release|x64 = Release|x64
		Release|x86 = Release|x86
	EndGlobalSection
	GlobalSection(ProjectConfigurationPlatforms) = postSolution
		{446D8205-1911-4F68-B5C3-2672AB18EEA0}.Debug|x64.ActiveCfg = Debug|x64
		{446D8205-1911-4F68-B5C3-2672AB18EEA0}.Debug|x64.Build.0 = Debug|x64
		{446D8205-1911-4F68-B5C3-2672AB18EEA0}.Debug|x86.ActiveCfg = Debug|Win32
		{446D8205-1911-4F68-B5C3-2672AB18EEA0}.Debug|x86.Build.0 = Debug|Win32
		{446D8205-1911-4F68-B5C3-2672AB18EEA0}.Release|x64.ActiveCfg = Release|x64
		{446D8205-1911-4F68-B5C3-2672AB18EEA0}.Release|x64.Build.0 = Release|x64
		{446D8205-1911-4F68-B5C3-2672AB18EEA0}.Release|x86.ActiveCfg = Release|Win32
		{446D8205-1911-4F68-B5C3-2672AB18EEA0}.Release|x86.Build.0 = Release|Win32
		{9DEB23BB-EC17-447A-A28A-CDF2D826D720}.Debug|x64.ActiveCfg = Debug|x64
		{9DEB23BB-EC17-447A-A28A-CDF2D826D720}.Debug|x64.Build.0 = Debug|x64
		{9DEB23BB-EC17-447A-A28A-CDF2D826D720}.Debug|x86.ActiveCfg = Debug|Win32
		{9DEB23BB-EC17-447A-A28A-CDF2D826D720}.Debug|x86.Build.0 = Debug|Win32
		{9DEB23BB-EC17-447A-A28A-CDF2D826D720}.Release|x64.ActiveCfg = Release|x64
		{9DEB23BB-EC17-447A-A28A-CDF2D826D720}.Release|x64.Build.0 = Release|x64
		{9DEB23BB-EC17-447A-A28A-CDF2D826D720}.Release|x86.ActiveCfg = Release|Win32
		{9DEB23BB-EC17-447A-A28A-CDF2D826D720}.Release|x86.Build.0 = Release|Win32
	EndGlobalSection
	GlobalSection(SolutionProperties) = preSolution
		HideSolutionNode = FALSE
	EndGlobalSection
	GlobalSection(ExtensibilityGlobals) = postSolution
		SolutionGuid = {FC2A56B3-81C7-40A7-BEC5-39D7D63BF563}
	EndGlobalSection
EndGlobal
